lockfileVersion: '9.0'

settings:
  autoInstallPeers: true
  excludeLinksFromLockfile: false

importers:

  .:
    dependencies:
      cross-env:
        specifier: ^7.0.3
        version: 7.0.3
      dayjs:
        specifier: ^1.11.10
        version: 1.11.11
      dotenv:
        specifier: ^16.3.1
        version: 16.4.5
      npm:
        specifier: ^10.8.0
        version: 10.8.0
      pnpm:
        specifier: ^9.1.2
        version: 9.1.2
    devDependencies:
      '@types/node':
        specifier: ^18.18.6
        version: 18.19.33

packages:

  '@types/node@18.19.33':
    resolution: {integrity: sha512-NR9+KrpSajr2qBVp/Yt5TU/rp+b5Mayi3+OlMlcg2cVCfRmcG5PWZ7S4+MG9PZ5gWBoc9Pd0BKSRViuBCRPu0A==}

  cross-env@7.0.3:
    resolution: {integrity: sha512-+/HKd6EgcQCJGh2PSjZuUitQBQynKor4wrFbRg4DtAgS1aWO+gU52xpH7M9ScGgXSYmAVS9bIJ8EzuaGw0oNAw==}
    engines: {node: '>=10.14', npm: '>=6', yarn: '>=1'}
    hasBin: true

  cross-spawn@7.0.3:
    resolution: {integrity: sha512-iRDPJKUPVEND7dHPO8rkbOnPpyDygcDFtWjpeWNCgy8WP2rXcxXL8TskReQl6OrB2G7+UJrags1q15Fudc7G6w==}
    engines: {node: '>= 8'}

  dayjs@1.11.11:
    resolution: {integrity: sha512-okzr3f11N6WuqYtZSvm+F776mB41wRZMhKP+hc34YdW+KmtYYK9iqvHSwo2k9FEH3fhGXvOPV6yz2IcSrfRUDg==}

  dotenv@16.4.5:
    resolution: {integrity: sha512-ZmdL2rui+eB2YwhsWzjInR8LldtZHGDoQ1ugH85ppHKwpUHL7j7rN0Ti9NCnGiQbhaZ11FpR+7ao1dNsmduNUg==}
    engines: {node: '>=12'}

  isexe@2.0.0:
    resolution: {integrity: sha512-RHxMLp9lnKHGHRng9QFhRCMbYAcVpn69smSGcq3f36xjgVVWThj4qqLbTLlq7Ssj8B+fIQ1EuCEGI2lKsyQeIw==}

  npm@10.8.0:
    resolution: {integrity: sha512-wh93uRczgp7HDnPMiLXcCkv2hagdJS0zJ9KT/31d0FoXP02+qgN2AOwpaW85fxRWkinl2rELfPw+CjBXW48/jQ==}
    engines: {node: ^18.17.0 || >=20.5.0}
    hasBin: true
    bundledDependencies:
      - '@isaacs/string-locale-compare'
      - '@npmcli/arborist'
      - '@npmcli/config'
      - '@npmcli/fs'
      - '@npmcli/map-workspaces'
      - '@npmcli/package-json'
      - '@npmcli/promise-spawn'
      - '@npmcli/redact'
      - '@npmcli/run-script'
      - '@sigstore/tuf'
      - abbrev
      - archy
      - cacache
      - chalk
      - ci-info
      - cli-columns
      - fastest-levenshtein
      - fs-minipass
      - glob
      - graceful-fs
      - hosted-git-info
      - ini
      - init-package-json
      - is-cidr
      - json-parse-even-better-errors
      - libnpmaccess
      - libnpmdiff
      - libnpmexec
      - libnpmfund
      - libnpmhook
      - libnpmorg
      - libnpmpack
      - libnpmpublish
      - libnpmsearch
      - libnpmteam
      - libnpmversion
      - make-fetch-happen
      - minimatch
      - minipass
      - minipass-pipeline
      - ms
      - node-gyp
      - nopt
      - normalize-package-data
      - npm-audit-report
      - npm-install-checks
      - npm-package-arg
      - npm-pick-manifest
      - npm-profile
      - npm-registry-fetch
      - npm-user-validate
      - p-map
      - pacote
      - parse-conflict-json
      - proc-log
      - qrcode-terminal
      - read
      - semver
      - spdx-expression-parse
      - ssri
      - supports-color
      - tar
      - text-table
      - tiny-relative-date
      - treeverse
      - validate-npm-package-name
      - which
      - write-file-atomic

  path-key@3.1.1:
    resolution: {integrity: sha512-ojmeN0qd+y0jszEtoY48r0Peq5dwMEkIlCOu6Q5f41lfkswXuKtYrhgoTpLnyIcHm24Uhqx+5Tqm2InSwLhE6Q==}
    engines: {node: '>=8'}

  pnpm@9.1.2:
    resolution: {integrity: sha512-En3IO56hDDK+ZdIqjvtKZfuVLo/vvf3tOb3DyX78MtMbSLAEIN8sEYes4oySHJAvDLWhNKTQMri1KVy/osaB4g==}
    engines: {node: '>=18.12'}
    hasBin: true

  shebang-command@2.0.0:
    resolution: {integrity: sha512-kHxr2zZpYtdmrN1qDjrrX/Z1rR1kG8Dx+gkpK1G4eXmvXswmcE1hTWBWYUzlraYw1/yZp6YuDY77YtvbN0dmDA==}
    engines: {node: '>=8'}

  shebang-regex@3.0.0:
    resolution: {integrity: sha512-7++dFhtcx3353uBaq8DDR4NuxBetBzC7ZQOhmTQInHEd6bSrXdiEyzCvG07Z44UYdLShWUyXt5M/yhz8ekcb1A==}
    engines: {node: '>=8'}

  undici-types@5.26.5:
    resolution: {integrity: sha512-JlCMO+ehdEIKqlFxk6IfVoAUVmgz7cU7zD/h9XZ0qzeosSHmUJVOzSQvvYSYWXkFXC+IfLKSIffhv0sVZup6pA==}

  which@2.0.2:
    resolution: {integrity: sha512-BLI3Tl1TW3Pvl70l3yq3Y64i+awpwXqsGBYWkkqMtnbXgrMD+yj7rhW0kuEDxzJaYXGjEW5ogapKNMEKNMjibA==}
    engines: {node: '>= 8'}
    hasBin: true

snapshots:

  '@types/node@18.19.33':
    dependencies:
      undici-types: 5.26.5

  cross-env@7.0.3:
    dependencies:
      cross-spawn: 7.0.3

  cross-spawn@7.0.3:
    dependencies:
      path-key: 3.1.1
      shebang-command: 2.0.0
      which: 2.0.2

  dayjs@1.11.11: {}

  dotenv@16.4.5: {}

  isexe@2.0.0: {}

  npm@10.8.0: {}

  path-key@3.1.1: {}

  pnpm@9.1.2: {}

  shebang-command@2.0.0:
    dependencies:
      shebang-regex: 3.0.0

  shebang-regex@3.0.0: {}

  undici-types@5.26.5: {}

  which@2.0.2:
    dependencies:
      isexe: 2.0.0
